{
  "name": "photon",
  "version": "0.0.1",
  "lockfileVersion": 1,
  "requires": true,
  "dependencies": {
    "eev": {
      "version": "0.1.5",
      "resolved": "https://registry.npmjs.org/eev/-/eev-0.1.5.tgz",
      "integrity": "sha512-U7+up/+0JaC+ffyrMicGDzb+j2Q04Fy22tKK1Xh6hHFWdVtXwoBF8M2DwFofwsJzJcs3W3NPDvmxcMak5/iQaA=="
    }
  }
}
